PODS:
  - FlutterMacOS (1.0.0)
  - velopack_flutter (0.0.1):
    - FlutterMacOS

DEPENDENCIES:
  - FlutterMacOS (from `Flutter/ephemeral`)
  - velopack_flutter (from `Flutter/ephemeral/.symlinks/plugins/velopack_flutter/macos`)

EXTERNAL SOURCES:
  FlutterMacOS:
    :path: Flutter/ephemeral
  velopack_flutter:
    :path: Flutter/ephemeral/.symlinks/plugins/velopack_flutter/macos

SPEC CHECKSUMS:
  FlutterMacOS: 8f6f14fa908a6fb3fba0cd85dbd81ec4b251fb24
  velopack_flutter: 9d8a62354a23c75157e37a66ef691a47b4fe0e92

PODFILE CHECKSUM: 236401fc2c932af29a9fcf0e97baeeb2d750d367

COCOAPODS: 1.13.0
